
Microsoft Visual Studio Solution File, Format Version 12.00
# Visual Studio Version 17
VisualStudioVersion = 17.11.35327.3
MinimumVisualStudioVersion = 10.0.40219.1
Project("{9A19103F-16F7-4668-BE54-9A1E7A4F7556}") = "ChartApp", "ChartApp.csproj", "{064519F9-4A19-4EAF-A7EE-F88A50710BCB}"
EndProject
Global
	GlobalSection(SolutionConfigurationPlatforms) = preSolution
		Debug|Any CPU = Debug|Any CPU
		Release|Any CPU = Release|Any CPU
	EndGlobalSection
	GlobalSection(ProjectConfigurationPlatforms) = postSolution
		{064519F9-4A19-4EAF-A7EE-F88A50710BCB}.Debug|Any CPU.ActiveCfg = Debug|Any CPU
		{064519F9-4A19-4EAF-A7EE-F88A50710BCB}.Debug|Any CPU.Build.0 = Debug|Any CPU
		{064519F9-4A19-4EAF-A7EE-F88A50710BCB}.Release|Any CPU.ActiveCfg = Release|Any CPU
		{064519F9-4A19-4EAF-A7EE-F88A50710BCB}.Release|Any CPU.Build.0 = Release|Any CPU
	EndGlobalSection
	GlobalSection(SolutionProperties) = preSolution
		HideSolutionNode = FALSE
	EndGlobalSection
	GlobalSection(ExtensibilityGlobals) = postSolution
		SolutionGuid = {B8BF8BA5-73F2-4319-8382-4E1DF5126B4A}
	EndGlobalSection
EndGlobal
